// !$*UTF8*$!
{
	archiveVersion = 1;
	classes = {
	};
	objectVersion = 55;
	objects = {

/* Begin PBXBuildFile section */
		094B84792849DE22002B0528 /* SearchLogic.swift in Sources */ = {isa = PBXBuildFile; fileRef = 094B84782849DE22002B0528 /* SearchLogic.swift */; };
		0A2706472845E96800168C40 /* PocketCaddyApp.swift in Sources */ = {isa = PBXBuildFile; fileRef = 0A2706462845E96800168C40 /* PocketCaddyApp.swift */; };
		0A2706492845E96800168C40 /* ContentView.swift in Sources */ = {isa = PBXBuildFile; fileRef = 0A2706482845E96800168C40 /* ContentView.swift */; };
		0A27064B2845E96900168C40 /* Assets.xcassets in Resources */ = {isa = PBXBuildFile; fileRef = 0A27064A2845E96900168C40 /* Assets.xcassets */; };
		0A27064E2845E96900168C40 /* Preview Assets.xcassets in Resources */ = {isa = PBXBuildFile; fileRef = 0A27064D2845E96900168C40 /* Preview Assets.xcassets */; };
		0A2706582845E96900168C40 /* PocketCaddyTests.swift in Sources */ = {isa = PBXBuildFile; fileRef = 0A2706572845E96900168C40 /* PocketCaddyTests.swift */; };
		0A2706622845E96900168C40 /* PocketCaddyUITests.swift in Sources */ = {isa = PBXBuildFile; fileRef = 0A2706612845E96900168C40 /* PocketCaddyUITests.swift */; };
		0A2706642845E96900168C40 /* PocketCaddyUITestsLaunchTests.swift in Sources */ = {isa = PBXBuildFile; fileRef = 0A2706632845E96900168C40 /* PocketCaddyUITestsLaunchTests.swift */; };
		0A2706722845EAD400168C40 /* ClubModel.swift in Sources */ = {isa = PBXBuildFile; fileRef = 0A2706712845EAD400168C40 /* ClubModel.swift */; };
		0A2706762845EDA000168C40 /* Club.json in Resources */ = {isa = PBXBuildFile; fileRef = 0A2706752845EDA000168C40 /* Club.json */; };
		0AC19CFC28489CB600727BE6 /* JsonDataManager.swift in Sources */ = {isa = PBXBuildFile; fileRef = 0AC19CFB28489CB600727BE6 /* JsonDataManager.swift */; };
		89544A3A28473E3100423D0A /* SampleReader.swift in Sources */ = {isa = PBXBuildFile; fileRef = 89544A3928473E3100423D0A /* SampleReader.swift */; };
		89544A4228473F0B00423D0A /* SampleModel.swift in Sources */ = {isa = PBXBuildFile; fileRef = 89544A4128473F0B00423D0A /* SampleModel.swift */; };
		89544A442847436300423D0A /* SampleView.swift in Sources */ = {isa = PBXBuildFile; fileRef = 89544A432847436300423D0A /* SampleView.swift */; };
		89544A4528474ED100423D0A /* SampleData.json in Resources */ = {isa = PBXBuildFile; fileRef = 89544A4028473EF700423D0A /* SampleData.json */; };
		BAAF76332845F5BB0027504A /* MapView.swift in Sources */ = {isa = PBXBuildFile; fileRef = BAAF76322845F5BB0027504A /* MapView.swift */; };
		BACE9C3C284B3E3900A04E2D /* ColorExtension.swift in Sources */ = {isa = PBXBuildFile; fileRef = BACE9C3B284B3E3900A04E2D /* ColorExtension.swift */; };
		BACE9C3E284B3FB900A04E2D /* ImageView.swift in Sources */ = {isa = PBXBuildFile; fileRef = BACE9C3D284B3FB900A04E2D /* ImageView.swift */; };
		EE58B4872845FCD500744D64 /* DescriptionView.swift in Sources */ = {isa = PBXBuildFile; fileRef = EE58B4862845FCD500744D64 /* DescriptionView.swift */; };
/* End PBXBuildFile section */

/* Begin PBXContainerItemProxy section */
		0A2706542845E96900168C40 /* PBXContainerItemProxy */ = {
			isa = PBXContainerItemProxy;
			containerPortal = 0A27063B2845E96800168C40 /* Project object */;
			proxyType = 1;
			remoteGlobalIDString = 0A2706422845E96800168C40;
			remoteInfo = PocketCaddy;
		};
		0A27065E2845E96900168C40 /* PBXContainerItemProxy */ = {
			isa = PBXContainerItemProxy;
			containerPortal = 0A27063B2845E96800168C40 /* Project object */;
			proxyType = 1;
			remoteGlobalIDString = 0A2706422845E96800168C40;
			remoteInfo = PocketCaddy;
		};
/* End PBXContainerItemProxy section */

/* Begin PBXFileReference section */
		094B84782849DE22002B0528 /* SearchLogic.swift */ = {isa = PBXFileReference; lastKnownFileType = sourcecode.swift; path = SearchLogic.swift; sourceTree = "<group>"; };
		0A2706432845E96800168C40 /* PocketCaddy.app */ = {isa = PBXFileReference; explicitFileType = wrapper.application; includeInIndex = 0; path = PocketCaddy.app; sourceTree = BUILT_PRODUCTS_DIR; };
		0A2706462845E96800168C40 /* PocketCaddyApp.swift */ = {isa = PBXFileReference; lastKnownFileType = sourcecode.swift; path = PocketCaddyApp.swift; sourceTree = "<group>"; };
		0A2706482845E96800168C40 /* ContentView.swift */ = {isa = PBXFileReference; lastKnownFileType = sourcecode.swift; path = ContentView.swift; sourceTree = "<group>"; };
		0A27064A2845E96900168C40 /* Assets.xcassets */ = {isa = PBXFileReference; lastKnownFileType = folder.assetcatalog; path = Assets.xcassets; sourceTree = "<group>"; };
		0A27064D2845E96900168C40 /* Preview Assets.xcassets */ = {isa = PBXFileReference; lastKnownFileType = folder.assetcatalog; path = "Preview Assets.xcassets"; sourceTree = "<group>"; };
		0A2706532845E96900168C40 /* PocketCaddyTests.xctest */ = {isa = PBXFileReference; explicitFileType = wrapper.cfbundle; includeInIndex = 0; path = PocketCaddyTests.xctest; sourceTree = BUILT_PRODUCTS_DIR; };
		0A2706572845E96900168C40 /* PocketCaddyTests.swift */ = {isa = PBXFileReference; lastKnownFileType = sourcecode.swift; path = PocketCaddyTests.swift; sourceTree = "<group>"; };
		0A27065D2845E96900168C40 /* PocketCaddyUITests.xctest */ = {isa = PBXFileReference; explicitFileType = wrapper.cfbundle; includeInIndex = 0; path = PocketCaddyUITests.xctest; sourceTree = BUILT_PRODUCTS_DIR; };
		0A2706612845E96900168C40 /* PocketCaddyUITests.swift */ = {isa = PBXFileReference; lastKnownFileType = sourcecode.swift; path = PocketCaddyUITests.swift; sourceTree = "<group>"; };
		0A2706632845E96900168C40 /* PocketCaddyUITestsLaunchTests.swift */ = {isa = PBXFileReference; lastKnownFileType = sourcecode.swift; path = PocketCaddyUITestsLaunchTests.swift; sourceTree = "<group>"; };
		0A2706712845EAD400168C40 /* ClubModel.swift */ = {isa = PBXFileReference; lastKnownFileType = sourcecode.swift; path = ClubModel.swift; sourceTree = "<group>"; };
		0A2706752845EDA000168C40 /* Club.json */ = {isa = PBXFileReference; lastKnownFileType = text.json; path = Club.json; sourceTree = "<group>"; };
		0AC19CFB28489CB600727BE6 /* JsonDataManager.swift */ = {isa = PBXFileReference; lastKnownFileType = sourcecode.swift; path = JsonDataManager.swift; sourceTree = "<group>"; };
		89544A3928473E3100423D0A /* SampleReader.swift */ = {isa = PBXFileReference; lastKnownFileType = sourcecode.swift; path = SampleReader.swift; sourceTree = "<group>"; };
		89544A4028473EF700423D0A /* SampleData.json */ = {isa = PBXFileReference; lastKnownFileType = text.json; path = SampleData.json; sourceTree = "<group>"; };
		89544A4128473F0B00423D0A /* SampleModel.swift */ = {isa = PBXFileReference; lastKnownFileType = sourcecode.swift; path = SampleModel.swift; sourceTree = "<group>"; };
		89544A432847436300423D0A /* SampleView.swift */ = {isa = PBXFileReference; lastKnownFileType = sourcecode.swift; path = SampleView.swift; sourceTree = "<group>"; };
		BAAF76322845F5BB0027504A /* MapView.swift */ = {isa = PBXFileReference; lastKnownFileType = sourcecode.swift; path = MapView.swift; sourceTree = "<group>"; };
		BACE9C3B284B3E3900A04E2D /* ColorExtension.swift */ = {isa = PBXFileReference; lastKnownFileType = sourcecode.swift; path = ColorExtension.swift; sourceTree = "<group>"; };
		BACE9C3D284B3FB900A04E2D /* ImageView.swift */ = {isa = PBXFileReference; lastKnownFileType = sourcecode.swift; path = ImageView.swift; sourceTree = "<group>"; };
		EE58B4862845FCD500744D64 /* DescriptionView.swift */ = {isa = PBXFileReference; lastKnownFileType = sourcecode.swift; path = DescriptionView.swift; sourceTree = "<group>"; };
/* End PBXFileReference section */

/* Begin PBXFrameworksBuildPhase section */
		0A2706402845E96800168C40 /* Frameworks */ = {
			isa = PBXFrameworksBuildPhase;
			buildActionMask = 2147483647;
			files = (
			);
			runOnlyForDeploymentPostprocessing = 0;
		};
		0A2706502845E96900168C40 /* Frameworks */ = {
			isa = PBXFrameworksBuildPhase;
			buildActionMask = 2147483647;
			files = (
			);
			runOnlyForDeploymentPostprocessing = 0;
		};
		0A27065A2845E96900168C40 /* Frameworks */ = {
			isa = PBXFrameworksBuildPhase;
			buildActionMask = 2147483647;
			files = (
			);
			runOnlyForDeploymentPostprocessing = 0;
		};
/* End PBXFrameworksBuildPhase section */

/* Begin PBXGroup section */
		0A27063A2845E96800168C40 = {
			isa = PBXGroup;
			children = (
				0A2706452845E96800168C40 /* PocketCaddy */,
				0A2706562845E96900168C40 /* PocketCaddyTests */,
				0A2706602845E96900168C40 /* PocketCaddyUITests */,
				0A2706442845E96800168C40 /* Products */,
			);
			sourceTree = "<group>";
		};
		0A2706442845E96800168C40 /* Products */ = {
			isa = PBXGroup;
			children = (
				0A2706432845E96800168C40 /* PocketCaddy.app */,
				0A2706532845E96900168C40 /* PocketCaddyTests.xctest */,
				0A27065D2845E96900168C40 /* PocketCaddyUITests.xctest */,
			);
			name = Products;
			sourceTree = "<group>";
		};
		0A2706452845E96800168C40 /* PocketCaddy */ = {
			isa = PBXGroup;
			children = (
				BACE9C3A284B3E1B00A04E2D /* Util */,
				0AC19CFA28489AF200727BE6 /* JsonData */,
				89544A3828473E1F00423D0A /* Tutorial */,
				0A2706742845EC2600168C40 /* Scene */,
				0A2706732845EC1D00168C40 /* LifeCycle */,
				0A2706702845EAC100168C40 /* Model */,
				0A27064A2845E96900168C40 /* Assets.xcassets */,
				0A27064C2845E96900168C40 /* Preview Content */,
			);
			path = PocketCaddy;
			sourceTree = "<group>";
		};
		0A27064C2845E96900168C40 /* Preview Content */ = {
			isa = PBXGroup;
			children = (
				0A27064D2845E96900168C40 /* Preview Assets.xcassets */,
			);
			path = "Preview Content";
			sourceTree = "<group>";
		};
		0A2706562845E96900168C40 /* PocketCaddyTests */ = {
			isa = PBXGroup;
			children = (
				0A2706572845E96900168C40 /* PocketCaddyTests.swift */,
			);
			path = PocketCaddyTests;
			sourceTree = "<group>";
		};
		0A2706602845E96900168C40 /* PocketCaddyUITests */ = {
			isa = PBXGroup;
			children = (
				0A2706612845E96900168C40 /* PocketCaddyUITests.swift */,
				0A2706632845E96900168C40 /* PocketCaddyUITestsLaunchTests.swift */,
			);
			path = PocketCaddyUITests;
			sourceTree = "<group>";
		};
		0A2706702845EAC100168C40 /* Model */ = {
			isa = PBXGroup;
			children = (
				0A2706712845EAD400168C40 /* ClubModel.swift */,
				0A2706752845EDA000168C40 /* Club.json */,
				094B84782849DE22002B0528 /* SearchLogic.swift */,
			);
			path = Model;
			sourceTree = "<group>";
		};
		0A2706732845EC1D00168C40 /* LifeCycle */ = {
			isa = PBXGroup;
			children = (
				0A2706462845E96800168C40 /* PocketCaddyApp.swift */,
			);
			path = LifeCycle;
			sourceTree = "<group>";
		};
		0A2706742845EC2600168C40 /* Scene */ = {
			isa = PBXGroup;
			children = (
				0A2706482845E96800168C40 /* ContentView.swift */,
				BAAF76322845F5BB0027504A /* MapView.swift */,
				BACE9C3D284B3FB900A04E2D /* ImageView.swift */,
				EE58B4862845FCD500744D64 /* DescriptionView.swift */,
			);
			path = Scene;
			sourceTree = "<group>";
		};
		0AC19CFA28489AF200727BE6 /* JsonData */ = {
			isa = PBXGroup;
			children = (
				0AC19CFB28489CB600727BE6 /* JsonDataManager.swift */,
			);
			path = JsonData;
			sourceTree = "<group>";
		};
		89544A3828473E1F00423D0A /* Tutorial */ = {
			isa = PBXGroup;
			children = (
				89544A4028473EF700423D0A /* SampleData.json */,
				89544A4128473F0B00423D0A /* SampleModel.swift */,
				89544A3928473E3100423D0A /* SampleReader.swift */,
				89544A432847436300423D0A /* SampleView.swift */,
			);
			path = Tutorial;
			sourceTree = "<group>";
		};
		BACE9C3A284B3E1B00A04E2D /* Util */ = {
			isa = PBXGroup;
			children = (
				BACE9C3B284B3E3900A04E2D /* ColorExtension.swift */,
			);
			path = Util;
			sourceTree = "<group>";
		};
/* End PBXGroup section */

/* Begin PBXNativeTarget section */
		0A2706422845E96800168C40 /* PocketCaddy */ = {
			isa = PBXNativeTarget;
			buildConfigurationList = 0A2706672845E96900168C40 /* Build configuration list for PBXNativeTarget "PocketCaddy" */;
			buildPhases = (
				0A27063F2845E96800168C40 /* Sources */,
				0A2706402845E96800168C40 /* Frameworks */,
				0A2706412845E96800168C40 /* Resources */,
			);
			buildRules = (
			);
			dependencies = (
			);
			name = PocketCaddy;
			productName = PocketCaddy;
			productReference = 0A2706432845E96800168C40 /* PocketCaddy.app */;
			productType = "com.apple.product-type.application";
		};
		0A2706522845E96900168C40 /* PocketCaddyTests */ = {
			isa = PBXNativeTarget;
			buildConfigurationList = 0A27066A2845E96900168C40 /* Build configuration list for PBXNativeTarget "PocketCaddyTests" */;
			buildPhases = (
				0A27064F2845E96900168C40 /* Sources */,
				0A2706502845E96900168C40 /* Frameworks */,
				0A2706512845E96900168C40 /* Resources */,
			);
			buildRules = (
			);
			dependencies = (
				0A2706552845E96900168C40 /* PBXTargetDependency */,
			);
			name = PocketCaddyTests;
			productName = PocketCaddyTests;
			productReference = 0A2706532845E96900168C40 /* PocketCaddyTests.xctest */;
			productType = "com.apple.product-type.bundle.unit-test";
		};
		0A27065C2845E96900168C40 /* PocketCaddyUITests */ = {
			isa = PBXNativeTarget;
			buildConfigurationList = 0A27066D2845E96900168C40 /* Build configuration list for PBXNativeTarget "PocketCaddyUITests" */;
			buildPhases = (
				0A2706592845E96900168C40 /* Sources */,
				0A27065A2845E96900168C40 /* Frameworks */,
				0A27065B2845E96900168C40 /* Resources */,
			);
			buildRules = (
			);
			dependencies = (
				0A27065F2845E96900168C40 /* PBXTargetDependency */,
			);
			name = PocketCaddyUITests;
			productName = PocketCaddyUITests;
			productReference = 0A27065D2845E96900168C40 /* PocketCaddyUITests.xctest */;
			productType = "com.apple.product-type.bundle.ui-testing";
		};
/* End PBXNativeTarget section */

/* Begin PBXProject section */
		0A27063B2845E96800168C40 /* Project object */ = {
			isa = PBXProject;
			attributes = {
				BuildIndependentTargetsInParallel = 1;
				LastSwiftUpdateCheck = 1330;
				LastUpgradeCheck = 1330;
				TargetAttributes = {
					0A2706422845E96800168C40 = {
						CreatedOnToolsVersion = 13.3;
					};
					0A2706522845E96900168C40 = {
						CreatedOnToolsVersion = 13.3;
						TestTargetID = 0A2706422845E96800168C40;
					};
					0A27065C2845E96900168C40 = {
						CreatedOnToolsVersion = 13.3;
						TestTargetID = 0A2706422845E96800168C40;
					};
				};
			};
			buildConfigurationList = 0A27063E2845E96800168C40 /* Build configuration list for PBXProject "PocketCaddy" */;
			compatibilityVersion = "Xcode 13.0";
			developmentRegion = en;
			hasScannedForEncodings = 0;
			knownRegions = (
				en,
				Base,
			);
			mainGroup = 0A27063A2845E96800168C40;
			productRefGroup = 0A2706442845E96800168C40 /* Products */;
			projectDirPath = "";
			projectRoot = "";
			targets = (
				0A2706422845E96800168C40 /* PocketCaddy */,
				0A2706522845E96900168C40 /* PocketCaddyTests */,
				0A27065C2845E96900168C40 /* PocketCaddyUITests */,
			);
		};
/* End PBXProject section */

/* Begin PBXResourcesBuildPhase section */
		0A2706412845E96800168C40 /* Resources */ = {
			isa = PBXResourcesBuildPhase;
			buildActionMask = 2147483647;
			files = (
				89544A4528474ED100423D0A /* SampleData.json in Resources */,
				0A2706762845EDA000168C40 /* Club.json in Resources */,
				0A27064E2845E96900168C40 /* Preview Assets.xcassets in Resources */,
				0A27064B2845E96900168C40 /* Assets.xcassets in Resources */,
			);
			runOnlyForDeploymentPostprocessing = 0;
		};
		0A2706512845E96900168C40 /* Resources */ = {
			isa = PBXResourcesBuildPhase;
			buildActionMask = 2147483647;
			files = (
			);
			runOnlyForDeploymentPostprocessing = 0;
		};
		0A27065B2845E96900168C40 /* Resources */ = {
			isa = PBXResourcesBuildPhase;
			buildActionMask = 2147483647;
			files = (
			);
			runOnlyForDeploymentPostprocessing = 0;
		};
/* End PBXResourcesBuildPhase section */

/* Begin PBXSourcesBuildPhase section */
		0A27063F2845E96800168C40 /* Sources */ = {
			isa = PBXSourcesBuildPhase;
			buildActionMask = 2147483647;
			files = (
				BACE9C3E284B3FB900A04E2D /* ImageView.swift in Sources */,
				89544A442847436300423D0A /* SampleView.swift in Sources */,
				0A2706722845EAD400168C40 /* ClubModel.swift in Sources */,
				BAAF76332845F5BB0027504A /* MapView.swift in Sources */,
				0A2706492845E96800168C40 /* ContentView.swift in Sources */,
				0A2706472845E96800168C40 /* PocketCaddyApp.swift in Sources */,
				89544A3A28473E3100423D0A /* SampleReader.swift in Sources */,
				0AC19CFC28489CB600727BE6 /* JsonDataManager.swift in Sources */,
				EE58B4872845FCD500744D64 /* DescriptionView.swift in Sources */,
				094B84792849DE22002B0528 /* SearchLogic.swift in Sources */,
				BACE9C3C284B3E3900A04E2D /* ColorExtension.swift in Sources */,
				89544A4228473F0B00423D0A /* SampleModel.swift in Sources */,
			);
			runOnlyForDeploymentPostprocessing = 0;
		};
		0A27064F2845E96900168C40 /* Sources */ = {
			isa = PBXSourcesBuildPhase;
			buildActionMask = 2147483647;
			files = (
				0A2706582845E96900168C40 /* PocketCaddyTests.swift in Sources */,
			);
			runOnlyForDeploymentPostprocessing = 0;
		};
		0A2706592845E96900168C40 /* Sources */ = {
			isa = PBXSourcesBuildPhase;
			buildActionMask = 2147483647;
			files = (
				0A2706642845E96900168C40 /* PocketCaddyUITestsLaunchTests.swift in Sources */,
				0A2706622845E96900168C40 /* PocketCaddyUITests.swift in Sources */,
			);
			runOnlyForDeploymentPostprocessing = 0;
		};
/* End PBXSourcesBuildPhase section */

/* Begin PBXTargetDependency section */
		0A2706552845E96900168C40 /* PBXTargetDependency */ = {
			isa = PBXTargetDependency;
			target = 0A2706422845E96800168C40 /* PocketCaddy */;
			targetProxy = 0A2706542845E96900168C40 /* PBXContainerItemProxy */;
		};
		0A27065F2845E96900168C40 /* PBXTargetDependency */ = {
			isa = PBXTargetDependency;
			target = 0A2706422845E96800168C40 /* PocketCaddy */;
			targetProxy = 0A27065E2845E96900168C40 /* PBXContainerItemProxy */;
		};
/* End PBXTargetDependency section */

/* Begin XCBuildConfiguration section */
		0A2706652845E96900168C40 /* Debug */ = {
			isa = XCBuildConfiguration;
			buildSettings = {
				ALWAYS_SEARCH_USER_PATHS = NO;
				CLANG_ANALYZER_NONNULL = YES;
				CLANG_ANALYZER_NUMBER_OBJECT_CONVERSION = YES_AGGRESSIVE;
				CLANG_CXX_LANGUAGE_STANDARD = "gnu++17";
				CLANG_ENABLE_MODULES = YES;
				CLANG_ENABLE_OBJC_ARC = YES;
				CLANG_ENABLE_OBJC_WEAK = YES;
				CLANG_WARN_BLOCK_CAPTURE_AUTORELEASING = YES;
				CLANG_WARN_BOOL_CONVERSION = YES;
				CLANG_WARN_COMMA = YES;
				CLANG_WARN_CONSTANT_CONVERSION = YES;
				CLANG_WARN_DEPRECATED_OBJC_IMPLEMENTATIONS = YES;
				CLANG_WARN_DIRECT_OBJC_ISA_USAGE = YES_ERROR;
				CLANG_WARN_DOCUMENTATION_COMMENTS = YES;
				CLANG_WARN_EMPTY_BODY = YES;
				CLANG_WARN_ENUM_CONVERSION = YES;
				CLANG_WARN_INFINITE_RECURSION = YES;
				CLANG_WARN_INT_CONVERSION = YES;
				CLANG_WARN_NON_LITERAL_NULL_CONVERSION = YES;
				CLANG_WARN_OBJC_IMPLICIT_RETAIN_SELF = YES;
				CLANG_WARN_OBJC_LITERAL_CONVERSION = YES;
				CLANG_WARN_OBJC_ROOT_CLASS = YES_ERROR;
				CLANG_WARN_QUOTED_INCLUDE_IN_FRAMEWORK_HEADER = YES;
				CLANG_WARN_RANGE_LOOP_ANALYSIS = YES;
				CLANG_WARN_STRICT_PROTOTYPES = YES;
				CLANG_WARN_SUSPICIOUS_MOVE = YES;
				CLANG_WARN_UNGUARDED_AVAILABILITY = YES_AGGRESSIVE;
				CLANG_WARN_UNREACHABLE_CODE = YES;
				CLANG_WARN__DUPLICATE_METHOD_MATCH = YES;
				COPY_PHASE_STRIP = NO;
				DEBUG_INFORMATION_FORMAT = dwarf;
				ENABLE_STRICT_OBJC_MSGSEND = YES;
				ENABLE_TESTABILITY = YES;
				GCC_C_LANGUAGE_STANDARD = gnu11;
				GCC_DYNAMIC_NO_PIC = NO;
				GCC_NO_COMMON_BLOCKS = YES;
				GCC_OPTIMIZATION_LEVEL = 0;
				GCC_PREPROCESSOR_DEFINITIONS = (
					"DEBUG=1",
					"$(inherited)",
				);
				GCC_WARN_64_TO_32_BIT_CONVERSION = YES;
				GCC_WARN_ABOUT_RETURN_TYPE = YES_ERROR;
				GCC_WARN_UNDECLARED_SELECTOR = YES;
				GCC_WARN_UNINITIALIZED_AUTOS = YES_AGGRESSIVE;
				GCC_WARN_UNUSED_FUNCTION = YES;
				GCC_WARN_UNUSED_VARIABLE = YES;
				IPHONEOS_DEPLOYMENT_TARGET = 15.4;
				MTL_ENABLE_DEBUG_INFO = INCLUDE_SOURCE;
				MTL_FAST_MATH = YES;
				ONLY_ACTIVE_ARCH = YES;
				SDKROOT = iphoneos;
				SWIFT_ACTIVE_COMPILATION_CONDITIONS = DEBUG;
				SWIFT_OPTIMIZATION_LEVEL = "-Onone";
			};
			name = Debug;
		};
		0A2706662845E96900168C40 /* Release */ = {
			isa = XCBuildConfiguration;
			buildSettings = {
				ALWAYS_SEARCH_USER_PATHS = NO;
				CLANG_ANALYZER_NONNULL = YES;
				CLANG_ANALYZER_NUMBER_OBJECT_CONVERSION = YES_AGGRESSIVE;
				CLANG_CXX_LANGUAGE_STANDARD = "gnu++17";
				CLANG_ENABLE_MODULES = YES;
				CLANG_ENABLE_OBJC_ARC = YES;
				CLANG_ENABLE_OBJC_WEAK = YES;
				CLANG_WARN_BLOCK_CAPTURE_AUTORELEASING = YES;
				CLANG_WARN_BOOL_CONVERSION = YES;
				CLANG_WARN_COMMA = YES;
				CLANG_WARN_CONSTANT_CONVERSION = YES;
				CLANG_WARN_DEPRECATED_OBJC_IMPLEMENTATIONS = YES;
				CLANG_WARN_DIRECT_OBJC_ISA_USAGE = YES_ERROR;
				CLANG_WARN_DOCUMENTATION_COMMENTS = YES;
				CLANG_WARN_EMPTY_BODY = YES;
				CLANG_WARN_ENUM_CONVERSION = YES;
				CLANG_WARN_INFINITE_RECURSION = YES;
				CLANG_WARN_INT_CONVERSION = YES;
				CLANG_WARN_NON_LITERAL_NULL_CONVERSION = YES;
				CLANG_WARN_OBJC_IMPLICIT_RETAIN_SELF = YES;
				CLANG_WARN_OBJC_LITERAL_CONVERSION = YES;
				CLANG_WARN_OBJC_ROOT_CLASS = YES_ERROR;
				CLANG_WARN_QUOTED_INCLUDE_IN_FRAMEWORK_HEADER = YES;
				CLANG_WARN_RANGE_LOOP_ANALYSIS = YES;
				CLANG_WARN_STRICT_PROTOTYPES = YES;
				CLANG_WARN_SUSPICIOUS_MOVE = YES;
				CLANG_WARN_UNGUARDED_AVAILABILITY = YES_AGGRESSIVE;
				CLANG_WARN_UNREACHABLE_CODE = YES;
				CLANG_WARN__DUPLICATE_METHOD_MATCH = YES;
				COPY_PHASE_STRIP = NO;
				DEBUG_INFORMATION_FORMAT = "dwarf-with-dsym";
				ENABLE_NS_ASSERTIONS = NO;
				ENABLE_STRICT_OBJC_MSGSEND = YES;
				GCC_C_LANGUAGE_STANDARD = gnu11;
				GCC_NO_COMMON_BLOCKS = YES;
				GCC_WARN_64_TO_32_BIT_CONVERSION = YES;
				GCC_WARN_ABOUT_RETURN_TYPE = YES_ERROR;
				GCC_WARN_UNDECLARED_SELECTOR = YES;
				GCC_WARN_UNINITIALIZED_AUTOS = YES_AGGRESSIVE;
				GCC_WARN_UNUSED_FUNCTION = YES;
				GCC_WARN_UNUSED_VARIABLE = YES;
				IPHONEOS_DEPLOYMENT_TARGET = 15.4;
				MTL_ENABLE_DEBUG_INFO = NO;
				MTL_FAST_MATH = YES;
				SDKROOT = iphoneos;
				SWIFT_COMPILATION_MODE = wholemodule;
				SWIFT_OPTIMIZATION_LEVEL = "-O";
				VALIDATE_PRODUCT = YES;
			};
			name = Release;
		};
		0A2706682845E96900168C40 /* Debug */ = {
			isa = XCBuildConfiguration;
			buildSettings = {
				ASSETCATALOG_COMPILER_APPICON_NAME = AppIcon;
				ASSETCATALOG_COMPILER_GLOBAL_ACCENT_COLOR_NAME = AccentColor;
				CODE_SIGN_STYLE = Automatic;
				CURRENT_PROJECT_VERSION = 1;
				DEVELOPMENT_ASSET_PATHS = "\"PocketCaddy/Preview Content\"";
				DEVELOPMENT_TEAM = ZNH7978JJQ;
				ENABLE_PREVIEWS = YES;
				GENERATE_INFOPLIST_FILE = YES;
				INFOPLIST_KEY_UIApplicationSceneManifest_Generation = YES;
				INFOPLIST_KEY_UIApplicationSupportsIndirectInputEvents = YES;
				INFOPLIST_KEY_UILaunchScreen_Generation = YES;
				INFOPLIST_KEY_UISupportedInterfaceOrientations_iPad = "UIInterfaceOrientationPortrait UIInterfaceOrientationPortraitUpsideDown UIInterfaceOrientationLandscapeLeft UIInterfaceOrientationLandscapeRight";
				INFOPLIST_KEY_UISupportedInterfaceOrientations_iPhone = "UIInterfaceOrientationPortrait UIInterfaceOrientationLandscapeLeft UIInterfaceOrientationLandscapeRight";
				LD_RUNPATH_SEARCH_PATHS = (
					"$(inherited)",
					"@executable_path/Frameworks",
				);
				MARKETING_VERSION = 1.0;
				PRODUCT_BUNDLE_IDENTIFIER = com.PocketCaddy;
				PRODUCT_NAME = "$(TARGET_NAME)";
				SWIFT_EMIT_LOC_STRINGS = YES;
				SWIFT_VERSION = 5.0;
				TARGETED_DEVICE_FAMILY = "1,2";
			};
			name = Debug;
		};
		0A2706692845E96900168C40 /* Release */ = {
			isa = XCBuildConfiguration;
			buildSettings = {
				ASSETCATALOG_COMPILER_APPICON_NAME = AppIcon;
				ASSETCATALOG_COMPILER_GLOBAL_ACCENT_COLOR_NAME = AccentColor;
				CODE_SIGN_STYLE = Automatic;
				CURRENT_PROJECT_VERSION = 1;
				DEVELOPMENT_ASSET_PATHS = "\"PocketCaddy/Preview Content\"";
				DEVELOPMENT_TEAM = ZNH7978JJQ;
				ENABLE_PREVIEWS = YES;
				GENERATE_INFOPLIST_FILE = YES;
				INFOPLIST_KEY_UIApplicationSceneManifest_Generation = YES;
				INFOPLIST_KEY_UIApplicationSupportsIndirectInputEvents = YES;
				INFOPLIST_KEY_UILaunchScreen_Generation = YES;
				INFOPLIST_KEY_UISupportedInterfaceOrientations_iPad = "UIInterfaceOrientationPortrait UIInterfaceOrientationPortraitUpsideDown UIInterfaceOrientationLandscapeLeft UIInterfaceOrientationLandscapeRight";
				INFOPLIST_KEY_UISupportedInterfaceOrientations_iPhone = "UIInterfaceOrientationPortrait UIInterfaceOrientationLandscapeLeft UIInterfaceOrientationLandscapeRight";
				LD_RUNPATH_SEARCH_PATHS = (
					"$(inherited)",
					"@executable_path/Frameworks",
				);
				MARKETING_VERSION = 1.0;
				PRODUCT_BUNDLE_IDENTIFIER = com.PocketCaddy;
				PRODUCT_NAME = "$(TARGET_NAME)";
				SWIFT_EMIT_LOC_STRINGS = YES;
				SWIFT_VERSION = 5.0;
				TARGETED_DEVICE_FAMILY = "1,2";
			};
			name = Release;
		};
		0A27066B2845E96900168C40 /* Debug */ = {
			isa = XCBuildConfiguration;
			buildSettings = {
				ALWAYS_EMBED_SWIFT_STANDARD_LIBRARIES = YES;
				BUNDLE_LOADER = "$(TEST_HOST)";
				CODE_SIGN_STYLE = Automatic;
				CURRENT_PROJECT_VERSION = 1;
				DEVELOPMENT_TEAM = ZNH7978JJQ;
				GENERATE_INFOPLIST_FILE = YES;
				IPHONEOS_DEPLOYMENT_TARGET = 15.4;
				MARKETING_VERSION = 1.0;
				PRODUCT_BUNDLE_IDENTIFIER = com.PocketCaddyTests;
				PRODUCT_NAME = "$(TARGET_NAME)";
				SWIFT_EMIT_LOC_STRINGS = NO;
				SWIFT_VERSION = 5.0;
				TARGETED_DEVICE_FAMILY = "1,2";
				TEST_HOST = "$(BUILT_PRODUCTS_DIR)/PocketCaddy.app/PocketCaddy";
			};
			name = Debug;
		};
		0A27066C2845E96900168C40 /* Release */ = {
			isa = XCBuildConfiguration;
			buildSettings = {
				ALWAYS_EMBED_SWIFT_STANDARD_LIBRARIES = YES;
				BUNDLE_LOADER = "$(TEST_HOST)";
				CODE_SIGN_STYLE = Automatic;
				CURRENT_PROJECT_VERSION = 1;
				DEVELOPMENT_TEAM = ZNH7978JJQ;
				GENERATE_INFOPLIST_FILE = YES;
				IPHONEOS_DEPLOYMENT_TARGET = 15.4;
				MARKETING_VERSION = 1.0;
				PRODUCT_BUNDLE_IDENTIFIER = com.PocketCaddyTests;
				PRODUCT_NAME = "$(TARGET_NAME)";
				SWIFT_EMIT_LOC_STRINGS = NO;
				SWIFT_VERSION = 5.0;
				TARGETED_DEVICE_FAMILY = "1,2";
				TEST_HOST = "$(BUILT_PRODUCTS_DIR)/PocketCaddy.app/PocketCaddy";
			};
			name = Release;
		};
		0A27066E2845E96900168C40 /* Debug */ = {
			isa = XCBuildConfiguration;
			buildSettings = {
				ALWAYS_EMBED_SWIFT_STANDARD_LIBRARIES = YES;
				CODE_SIGN_STYLE = Automatic;
				CURRENT_PROJECT_VERSION = 1;
				DEVELOPMENT_TEAM = ZNH7978JJQ;
				GENERATE_INFOPLIST_FILE = YES;
				MARKETING_VERSION = 1.0;
				PRODUCT_BUNDLE_IDENTIFIER = com.PocketCaddyUITests;
				PRODUCT_NAME = "$(TARGET_NAME)";
				SWIFT_EMIT_LOC_STRINGS = NO;
				SWIFT_VERSION = 5.0;
				TARGETED_DEVICE_FAMILY = "1,2";
				TEST_TARGET_NAME = PocketCaddy;
			};
			name = Debug;
		};
		0A27066F2845E96900168C40 /* Release */ = {
			isa = XCBuildConfiguration;
			buildSettings = {
				ALWAYS_EMBED_SWIFT_STANDARD_LIBRARIES = YES;
				CODE_SIGN_STYLE = Automatic;
				CURRENT_PROJECT_VERSION = 1;
				DEVELOPMENT_TEAM = ZNH7978JJQ;
				GENERATE_INFOPLIST_FILE = YES;
				MARKETING_VERSION = 1.0;
				PRODUCT_BUNDLE_IDENTIFIER = com.PocketCaddyUITests;
				PRODUCT_NAME = "$(TARGET_NAME)";
				SWIFT_EMIT_LOC_STRINGS = NO;
				SWIFT_VERSION = 5.0;
				TARGETED_DEVICE_FAMILY = "1,2";
				TEST_TARGET_NAME = PocketCaddy;
			};
			name = Release;
		};
/* End XCBuildConfiguration section */

/* Begin XCConfigurationList section */
		0A27063E2845E96800168C40 /* Build configuration list for PBXProject "PocketCaddy" */ = {
			isa = XCConfigurationList;
			buildConfigurations = (
				0A2706652845E96900168C40 /* Debug */,
				0A2706662845E96900168C40 /* Release */,
			);
			defaultConfigurationIsVisible = 0;
			defaultConfigurationName = Release;
		};
		0A2706672845E96900168C40 /* Build configuration list for PBXNativeTarget "PocketCaddy" */ = {
			isa = XCConfigurationList;
			buildConfigurations = (
				0A2706682845E96900168C40 /* Debug */,
				0A2706692845E96900168C40 /* Release */,
			);
			defaultConfigurationIsVisible = 0;
			defaultConfigurationName = Release;
		};
		0A27066A2845E96900168C40 /* Build configuration list for PBXNativeTarget "PocketCaddyTests" */ = {
			isa = XCConfigurationList;
			buildConfigurations = (
				0A27066B2845E96900168C40 /* Debug */,
				0A27066C2845E96900168C40 /* Release */,
			);
			defaultConfigurationIsVisible = 0;
			defaultConfigurationName = Release;
		};
		0A27066D2845E96900168C40 /* Build configuration list for PBXNativeTarget "PocketCaddyUITests" */ = {
			isa = XCConfigurationList;
			buildConfigurations = (
				0A27066E2845E96900168C40 /* Debug */,
				0A27066F2845E96900168C40 /* Release */,
			);
			defaultConfigurationIsVisible = 0;
			defaultConfigurationName = Release;
		};
/* End XCConfigurationList section */
	};
	rootObject = 0A27063B2845E96800168C40 /* Project object */;
}
